
Microsoft Visual Studio Solution File, Format Version 11.00
# Visual Studio 2010
Project("{E24C65DC-7377-472B-9ABA-BC803B73C61A}") = "Cliente_web2", "..\..\Downloads\tagsawebkraft\Cliente_web2\", "{9DD8847B-6D23-4ACA-8E29-4C757071FDE6}"
	ProjectSection(WebsiteProperties) = preProject
		TargetFrameworkMoniker = ".NETFramework,Version%3Dv3.5"
		Debug.AspNetCompiler.VirtualPath = "/Cliente_web2"
		Debug.AspNetCompiler.PhysicalPath = "..\..\..\..\Downloads\tagsawebkraft\Cliente_web2\"
		Debug.AspNetCompiler.TargetPath = "PrecompiledWeb\Cliente_web2\"
		Debug.AspNetCompiler.Updateable = "true"
		Debug.AspNetCompiler.ForceOverwrite = "true"
		Debug.AspNetCompiler.FixedNames = "false"
		Debug.AspNetCompiler.Debug = "True"
		Release.AspNetCompiler.VirtualPath = "/Cliente_web2"
		Release.AspNetCompiler.PhysicalPath = "..\..\..\..\Downloads\tagsawebkraft\Cliente_web2\"
		Release.AspNetCompiler.TargetPath = "PrecompiledWeb\Cliente_web2\"
		Release.AspNetCompiler.Updateable = "true"
		Release.AspNetCompiler.ForceOverwrite = "true"
		Release.AspNetCompiler.FixedNames = "false"
		Release.AspNetCompiler.Debug = "False"
		VWDPort = "50098"
	EndProjectSection
EndProject
Global
	GlobalSection(SolutionConfigurationPlatforms) = preSolution
		Debug|Any CPU = Debug|Any CPU
	EndGlobalSection
	GlobalSection(ProjectConfigurationPlatforms) = postSolution
		{9DD8847B-6D23-4ACA-8E29-4C757071FDE6}.Debug|Any CPU.ActiveCfg = Debug|Any CPU
		{9DD8847B-6D23-4ACA-8E29-4C757071FDE6}.Debug|Any CPU.Build.0 = Debug|Any CPU
	EndGlobalSection
	GlobalSection(SolutionProperties) = preSolution
		HideSolutionNode = FALSE
	EndGlobalSection
EndGlobal
